
Microsoft Visual Studio Solution File, Format Version 12.00
Project("{FAE04EC0-301F-11D3-BF4B-00C04F79EFBC}") = "KeciApp.API", "KeciApp.API\KeciApp.API.csproj", "{DB850FE1-C569-491A-A307-FC74F98C2033}"
EndProject
Global
	GlobalSection(SolutionConfigurationPlatforms) = preSolution
		Debug|Any CPU = Debug|Any CPU
		Release|Any CPU = Release|Any CPU
	EndGlobalSection
	GlobalSection(ProjectConfigurationPlatforms) = postSolution
		{DB850FE1-C569-491A-A307-FC74F98C2033}.Debug|Any CPU.ActiveCfg = Debug|Any CPU
		{DB850FE1-C569-491A-A307-FC74F98C2033}.Debug|Any CPU.Build.0 = Debug|Any CPU
		{DB850FE1-C569-491A-A307-FC74F98C2033}.Release|Any CPU.ActiveCfg = Release|Any CPU
		{DB850FE1-C569-491A-A307-FC74F98C2033}.Release|Any CPU.Build.0 = Release|Any CPU
	EndGlobalSection
EndGlobal
